
Microsoft Visual Studio Solution File, Format Version 12.00
# Visual Studio Version 17
VisualStudioVersion = 17.4.33122.133
MinimumVisualStudioVersion = 10.0.40219.1
Project("{FAE04EC0-301F-11D3-BF4B-00C04F79EFBC}") = "polymorphisme", "polymorphisme.csproj", "{1A0FAB9E-81E0-46CE-9F5D-C7BD3854DB99}"
EndProject
Project("{FAE04EC0-301F-11D3-BF4B-00C04F79EFBC}") = "FormeTest", "..\FormeTest\FormeTest.csproj", "{C424C381-6EFE-4195-9A47-4049AD397686}"
EndProject
Global
	GlobalSection(SolutionConfigurationPlatforms) = preSolution
		Debug|Any CPU = Debug|Any CPU
		Release|Any CPU = Release|Any CPU
	EndGlobalSection
	GlobalSection(ProjectConfigurationPlatforms) = postSolution
		{1A0FAB9E-81E0-46CE-9F5D-C7BD3854DB99}.Debug|Any CPU.ActiveCfg = Debug|Any CPU
		{1A0FAB9E-81E0-46CE-9F5D-C7BD3854DB99}.Debug|Any CPU.Build.0 = Debug|Any CPU
		{1A0FAB9E-81E0-46CE-9F5D-C7BD3854DB99}.Release|Any CPU.ActiveCfg = Release|Any CPU
		{1A0FAB9E-81E0-46CE-9F5D-C7BD3854DB99}.Release|Any CPU.Build.0 = Release|Any CPU
		{C424C381-6EFE-4195-9A47-4049AD397686}.Debug|Any CPU.ActiveCfg = Debug|Any CPU
		{C424C381-6EFE-4195-9A47-4049AD397686}.Debug|Any CPU.Build.0 = Debug|Any CPU
		{C424C381-6EFE-4195-9A47-4049AD397686}.Release|Any CPU.ActiveCfg = Release|Any CPU
		{C424C381-6EFE-4195-9A47-4049AD397686}.Release|Any CPU.Build.0 = Release|Any CPU
	EndGlobalSection
	GlobalSection(SolutionProperties) = preSolution
		HideSolutionNode = FALSE
	EndGlobalSection
	GlobalSection(ExtensibilityGlobals) = postSolution
		SolutionGuid = {239EA3B1-0CE7-425C-9CCD-C0E6BC1F05F5}
	EndGlobalSection
EndGlobal
